// !$*UTF8*$!
{
	archiveVersion = 1;
	classes = {
	};
	objectVersion = 50;
	objects = {

/* Begin PBXBuildFile section */
		010E2475261D53DA008E02A2 /* NewsTableViewCell.m in Sources */ = {isa = PBXBuildFile; fileRef = 010E2474261D53DA008E02A2 /* NewsTableViewCell.m */; };
		010E247D261D80C2008E02A2 /* images.bundle in Resources */ = {isa = PBXBuildFile; fileRef = 010E247C261D80C2008E02A2 /* images.bundle */; };
		010E2487261DB3E0008E02A2 /* MeViewController.m in Sources */ = {isa = PBXBuildFile; fileRef = 010E2486261DB3E0008E02A2 /* MeViewController.m */; };
		01DA20B3261C54C30094F6CD /* VideoViewController.m in Sources */ = {isa = PBXBuildFile; fileRef = 01DA20B2261C54C30094F6CD /* VideoViewController.m */; };
		01DA20BC261C8BE80094F6CD /* RecommendViewController.m in Sources */ = {isa = PBXBuildFile; fileRef = 01DA20BB261C8BE80094F6CD /* RecommendViewController.m */; };
		01E22B74261AF13900E542BA /* AppDelegate.m in Sources */ = {isa = PBXBuildFile; fileRef = 01E22B73261AF13900E542BA /* AppDelegate.m */; };
		01E22B7A261AF13900E542BA /* NewsViewController.m in Sources */ = {isa = PBXBuildFile; fileRef = 01E22B79261AF13900E542BA /* NewsViewController.m */; };
		01E22B7F261AF13900E542BA /* Assets.xcassets in Resources */ = {isa = PBXBuildFile; fileRef = 01E22B7E261AF13900E542BA /* Assets.xcassets */; };
		01E22B82261AF13900E542BA /* LaunchScreen.storyboard in Resources */ = {isa = PBXBuildFile; fileRef = 01E22B80261AF13900E542BA /* LaunchScreen.storyboard */; };
		01E22B85261AF13900E542BA /* main.m in Sources */ = {isa = PBXBuildFile; fileRef = 01E22B84261AF13900E542BA /* main.m */; };
/* End PBXBuildFile section */

/* Begin PBXFileReference section */
		010E2473261D53DA008E02A2 /* NewsTableViewCell.h */ = {isa = PBXFileReference; lastKnownFileType = sourcecode.c.h; path = NewsTableViewCell.h; sourceTree = "<group>"; };
		010E2474261D53DA008E02A2 /* NewsTableViewCell.m */ = {isa = PBXFileReference; lastKnownFileType = sourcecode.c.objc; path = NewsTableViewCell.m; sourceTree = "<group>"; };
		010E247C261D80C2008E02A2 /* images.bundle */ = {isa = PBXFileReference; lastKnownFileType = "wrapper.plug-in"; path = images.bundle; sourceTree = "<group>"; };
		010E2485261DB3E0008E02A2 /* MeViewController.h */ = {isa = PBXFileReference; lastKnownFileType = sourcecode.c.h; path = MeViewController.h; sourceTree = "<group>"; };
		010E2486261DB3E0008E02A2 /* MeViewController.m */ = {isa = PBXFileReference; lastKnownFileType = sourcecode.c.objc; path = MeViewController.m; sourceTree = "<group>"; };
		01DA20B1261C54C30094F6CD /* VideoViewController.h */ = {isa = PBXFileReference; lastKnownFileType = sourcecode.c.h; path = VideoViewController.h; sourceTree = "<group>"; };
		01DA20B2261C54C30094F6CD /* VideoViewController.m */ = {isa = PBXFileReference; lastKnownFileType = sourcecode.c.objc; path = VideoViewController.m; sourceTree = "<group>"; };
		01DA20BA261C8BE80094F6CD /* RecommendViewController.h */ = {isa = PBXFileReference; lastKnownFileType = sourcecode.c.h; path = RecommendViewController.h; sourceTree = "<group>"; };
		01DA20BB261C8BE80094F6CD /* RecommendViewController.m */ = {isa = PBXFileReference; lastKnownFileType = sourcecode.c.objc; path = RecommendViewController.m; sourceTree = "<group>"; };
		01E22B6F261AF13900E542BA /* SimpleApp.app */ = {isa = PBXFileReference; explicitFileType = wrapper.application; includeInIndex = 0; path = SimpleApp.app; sourceTree = BUILT_PRODUCTS_DIR; };
		01E22B72261AF13900E542BA /* AppDelegate.h */ = {isa = PBXFileReference; lastKnownFileType = sourcecode.c.h; path = AppDelegate.h; sourceTree = "<group>"; };
		01E22B73261AF13900E542BA /* AppDelegate.m */ = {isa = PBXFileReference; lastKnownFileType = sourcecode.c.objc; path = AppDelegate.m; sourceTree = "<group>"; };
		01E22B78261AF13900E542BA /* NewsViewController.h */ = {isa = PBXFileReference; lastKnownFileType = sourcecode.c.h; path = NewsViewController.h; sourceTree = "<group>"; };
		01E22B79261AF13900E542BA /* NewsViewController.m */ = {isa = PBXFileReference; lastKnownFileType = sourcecode.c.objc; path = NewsViewController.m; sourceTree = "<group>"; };
		01E22B7E261AF13900E542BA /* Assets.xcassets */ = {isa = PBXFileReference; lastKnownFileType = folder.assetcatalog; path = Assets.xcassets; sourceTree = "<group>"; };
		01E22B81261AF13900E542BA /* Base */ = {isa = PBXFileReference; lastKnownFileType = file.storyboard; name = Base; path = Base.lproj/LaunchScreen.storyboard; sourceTree = "<group>"; };
		01E22B83261AF13900E542BA /* Info.plist */ = {isa = PBXFileReference; lastKnownFileType = text.plist.xml; path = Info.plist; sourceTree = "<group>"; };
		01E22B84261AF13900E542BA /* main.m */ = {isa = PBXFileReference; lastKnownFileType = sourcecode.c.objc; path = main.m; sourceTree = "<group>"; };
/* End PBXFileReference section */

/* Begin PBXFrameworksBuildPhase section */
		01E22B6C261AF13900E542BA /* Frameworks */ = {
			isa = PBXFrameworksBuildPhase;
			buildActionMask = 2147483647;
			files = (
			);
			runOnlyForDeploymentPostprocessing = 0;
		};
/* End PBXFrameworksBuildPhase section */

/* Begin PBXGroup section */
		01E22B66261AF13900E542BA = {
			isa = PBXGroup;
			children = (
				01E22B71261AF13900E542BA /* SimpleApp */,
				01E22B70261AF13900E542BA /* Products */,
			);
			sourceTree = "<group>";
		};
		01E22B70261AF13900E542BA /* Products */ = {
			isa = PBXGroup;
			children = (
				01E22B6F261AF13900E542BA /* SimpleApp.app */,
			);
			name = Products;
			sourceTree = "<group>";
		};
		01E22B71261AF13900E542BA /* SimpleApp */ = {
			isa = PBXGroup;
			children = (
				01E22B72261AF13900E542BA /* AppDelegate.h */,
				01E22B73261AF13900E542BA /* AppDelegate.m */,
				01E22B78261AF13900E542BA /* NewsViewController.h */,
				01E22B79261AF13900E542BA /* NewsViewController.m */,
				010E2473261D53DA008E02A2 /* NewsTableViewCell.h */,
				010E2474261D53DA008E02A2 /* NewsTableViewCell.m */,
				01DA20B1261C54C30094F6CD /* VideoViewController.h */,
				01DA20B2261C54C30094F6CD /* VideoViewController.m */,
				01DA20BA261C8BE80094F6CD /* RecommendViewController.h */,
				01DA20BB261C8BE80094F6CD /* RecommendViewController.m */,
				010E2485261DB3E0008E02A2 /* MeViewController.h */,
				010E2486261DB3E0008E02A2 /* MeViewController.m */,
				01E22B7E261AF13900E542BA /* Assets.xcassets */,
				01E22B80261AF13900E542BA /* LaunchScreen.storyboard */,
				01E22B83261AF13900E542BA /* Info.plist */,
				01E22B84261AF13900E542BA /* main.m */,
				010E247C261D80C2008E02A2 /* images.bundle */,
			);
			path = SimpleApp;
			sourceTree = "<group>";
		};
/* End PBXGroup section */

/* Begin PBXNativeTarget section */
		01E22B6E261AF13900E542BA /* SimpleApp */ = {
			isa = PBXNativeTarget;
			buildConfigurationList = 01E22B88261AF13900E542BA /* Build configuration list for PBXNativeTarget "SimpleApp" */;
			buildPhases = (
				01E22B6B261AF13900E542BA /* Sources */,
				01E22B6C261AF13900E542BA /* Frameworks */,
				01E22B6D261AF13900E542BA /* Resources */,
			);
			buildRules = (
			);
			dependencies = (
			);
			name = SimpleApp;
			productName = SimpleApp;
			productReference = 01E22B6F261AF13900E542BA /* SimpleApp.app */;
			productType = "com.apple.product-type.application";
		};
/* End PBXNativeTarget section */

/* Begin PBXProject section */
		01E22B67261AF13900E542BA /* Project object */ = {
			isa = PBXProject;
			attributes = {
				LastUpgradeCheck = 1240;
				TargetAttributes = {
					01E22B6E261AF13900E542BA = {
						CreatedOnToolsVersion = 12.4;
					};
				};
			};
			buildConfigurationList = 01E22B6A261AF13900E542BA /* Build configuration list for PBXProject "SimpleApp" */;
			compatibilityVersion = "Xcode 9.3";
			developmentRegion = en;
			hasScannedForEncodings = 0;
			knownRegions = (
				en,
				Base,
			);
			mainGroup = 01E22B66261AF13900E542BA;
			productRefGroup = 01E22B70261AF13900E542BA /* Products */;
			projectDirPath = "";
			projectRoot = "";
			targets = (
				01E22B6E261AF13900E542BA /* SimpleApp */,
			);
		};
/* End PBXProject section */

/* Begin PBXResourcesBuildPhase section */
		01E22B6D261AF13900E542BA /* Resources */ = {
			isa = PBXResourcesBuildPhase;
			buildActionMask = 2147483647;
			files = (
				01E22B82261AF13900E542BA /* LaunchScreen.storyboard in Resources */,
				01E22B7F261AF13900E542BA /* Assets.xcassets in Resources */,
				010E247D261D80C2008E02A2 /* images.bundle in Resources */,
			);
			runOnlyForDeploymentPostprocessing = 0;
		};
/* End PBXResourcesBuildPhase section */

/* Begin PBXSourcesBuildPhase section */
		01E22B6B261AF13900E542BA /* Sources */ = {
			isa = PBXSourcesBuildPhase;
			buildActionMask = 2147483647;
			files = (
				01E22B7A261AF13900E542BA /* NewsViewController.m in Sources */,
				01DA20BC261C8BE80094F6CD /* RecommendViewController.m in Sources */,
				010E2487261DB3E0008E02A2 /* MeViewController.m in Sources */,
				010E2475261D53DA008E02A2 /* NewsTableViewCell.m in Sources */,
				01E22B74261AF13900E542BA /* AppDelegate.m in Sources */,
				01DA20B3261C54C30094F6CD /* VideoViewController.m in Sources */,
				01E22B85261AF13900E542BA /* main.m in Sources */,
			);
			runOnlyForDeploymentPostprocessing = 0;
		};
/* End PBXSourcesBuildPhase section */

/* Begin PBXVariantGroup section */
		01E22B80261AF13900E542BA /* LaunchScreen.storyboard */ = {
			isa = PBXVariantGroup;
			children = (
				01E22B81261AF13900E542BA /* Base */,
			);
			name = LaunchScreen.storyboard;
			sourceTree = "<group>";
		};
/* End PBXVariantGroup section */

/* Begin XCBuildConfiguration section */
		01E22B86261AF13900E542BA /* Debug */ = {
			isa = XCBuildConfiguration;
			buildSettings = {
				ALWAYS_SEARCH_USER_PATHS = NO;
				CLANG_ANALYZER_NONNULL = YES;
				CLANG_ANALYZER_NUMBER_OBJECT_CONVERSION = YES_AGGRESSIVE;
				CLANG_CXX_LANGUAGE_STANDARD = "gnu++14";
				CLANG_CXX_LIBRARY = "libc++";
				CLANG_ENABLE_MODULES = YES;
				CLANG_ENABLE_OBJC_ARC = YES;
				CLANG_ENABLE_OBJC_WEAK = YES;
				CLANG_WARN_BLOCK_CAPTURE_AUTORELEASING = YES;
				CLANG_WARN_BOOL_CONVERSION = YES;
				CLANG_WARN_COMMA = YES;
				CLANG_WARN_CONSTANT_CONVERSION = YES;
				CLANG_WARN_DEPRECATED_OBJC_IMPLEMENTATIONS = YES;
				CLANG_WARN_DIRECT_OBJC_ISA_USAGE = YES_ERROR;
				CLANG_WARN_DOCUMENTATION_COMMENTS = YES;
				CLANG_WARN_EMPTY_BODY = YES;
				CLANG_WARN_ENUM_CONVERSION = YES;
				CLANG_WARN_INFINITE_RECURSION = YES;
				CLANG_WARN_INT_CONVERSION = YES;
				CLANG_WARN_NON_LITERAL_NULL_CONVERSION = YES;
				CLANG_WARN_OBJC_IMPLICIT_RETAIN_SELF = YES;
				CLANG_WARN_OBJC_LITERAL_CONVERSION = YES;
				CLANG_WARN_OBJC_ROOT_CLASS = YES_ERROR;
				CLANG_WARN_QUOTED_INCLUDE_IN_FRAMEWORK_HEADER = YES;
				CLANG_WARN_RANGE_LOOP_ANALYSIS = YES;
				CLANG_WARN_STRICT_PROTOTYPES = YES;
				CLANG_WARN_SUSPICIOUS_MOVE = YES;
				CLANG_WARN_UNGUARDED_AVAILABILITY = YES_AGGRESSIVE;
				CLANG_WARN_UNREACHABLE_CODE = YES;
				CLANG_WARN__DUPLICATE_METHOD_MATCH = YES;
				COPY_PHASE_STRIP = NO;
				DEBUG_INFORMATION_FORMAT = dwarf;
				ENABLE_STRICT_OBJC_MSGSEND = YES;
				ENABLE_TESTABILITY = YES;
				GCC_C_LANGUAGE_STANDARD = gnu11;
				GCC_DYNAMIC_NO_PIC = NO;
				GCC_NO_COMMON_BLOCKS = YES;
				GCC_OPTIMIZATION_LEVEL = 0;
				GCC_PREPROCESSOR_DEFINITIONS = (
					"DEBUG=1",
					"$(inherited)",
				);
				GCC_WARN_64_TO_32_BIT_CONVERSION = YES;
				GCC_WARN_ABOUT_RETURN_TYPE = YES_ERROR;
				GCC_WARN_UNDECLARED_SELECTOR = YES;
				GCC_WARN_UNINITIALIZED_AUTOS = YES_AGGRESSIVE;
				GCC_WARN_UNUSED_FUNCTION = YES;
				GCC_WARN_UNUSED_VARIABLE = YES;
				IPHONEOS_DEPLOYMENT_TARGET = 14.4;
				MTL_ENABLE_DEBUG_INFO = INCLUDE_SOURCE;
				MTL_FAST_MATH = YES;
				ONLY_ACTIVE_ARCH = YES;
				SDKROOT = iphoneos;
			};
			name = Debug;
		};
		01E22B87261AF13900E542BA /* Release */ = {
			isa = XCBuildConfiguration;
			buildSettings = {
				ALWAYS_SEARCH_USER_PATHS = NO;
				CLANG_ANALYZER_NONNULL = YES;
				CLANG_ANALYZER_NUMBER_OBJECT_CONVERSION = YES_AGGRESSIVE;
				CLANG_CXX_LANGUAGE_STANDARD = "gnu++14";
				CLANG_CXX_LIBRARY = "libc++";
				CLANG_ENABLE_MODULES = YES;
				CLANG_ENABLE_OBJC_ARC = YES;
				CLANG_ENABLE_OBJC_WEAK = YES;
				CLANG_WARN_BLOCK_CAPTURE_AUTORELEASING = YES;
				CLANG_WARN_BOOL_CONVERSION = YES;
				CLANG_WARN_COMMA = YES;
				CLANG_WARN_CONSTANT_CONVERSION = YES;
				CLANG_WARN_DEPRECATED_OBJC_IMPLEMENTATIONS = YES;
				CLANG_WARN_DIRECT_OBJC_ISA_USAGE = YES_ERROR;
				CLANG_WARN_DOCUMENTATION_COMMENTS = YES;
				CLANG_WARN_EMPTY_BODY = YES;
				CLANG_WARN_ENUM_CONVERSION = YES;
				CLANG_WARN_INFINITE_RECURSION = YES;
				CLANG_WARN_INT_CONVERSION = YES;
				CLANG_WARN_NON_LITERAL_NULL_CONVERSION = YES;
				CLANG_WARN_OBJC_IMPLICIT_RETAIN_SELF = YES;
				CLANG_WARN_OBJC_LITERAL_CONVERSION = YES;
				CLANG_WARN_OBJC_ROOT_CLASS = YES_ERROR;
				CLANG_WARN_QUOTED_INCLUDE_IN_FRAMEWORK_HEADER = YES;
				CLANG_WARN_RANGE_LOOP_ANALYSIS = YES;
				CLANG_WARN_STRICT_PROTOTYPES = YES;
				CLANG_WARN_SUSPICIOUS_MOVE = YES;
				CLANG_WARN_UNGUARDED_AVAILABILITY = YES_AGGRESSIVE;
				CLANG_WARN_UNREACHABLE_CODE = YES;
				CLANG_WARN__DUPLICATE_METHOD_MATCH = YES;
				COPY_PHASE_STRIP = NO;
				DEBUG_INFORMATION_FORMAT = "dwarf-with-dsym";
				ENABLE_NS_ASSERTIONS = NO;
				ENABLE_STRICT_OBJC_MSGSEND = YES;
				GCC_C_LANGUAGE_STANDARD = gnu11;
				GCC_NO_COMMON_BLOCKS = YES;
				GCC_WARN_64_TO_32_BIT_CONVERSION = YES;
				GCC_WARN_ABOUT_RETURN_TYPE = YES_ERROR;
				GCC_WARN_UNDECLARED_SELECTOR = YES;
				GCC_WARN_UNINITIALIZED_AUTOS = YES_AGGRESSIVE;
				GCC_WARN_UNUSED_FUNCTION = YES;
				GCC_WARN_UNUSED_VARIABLE = YES;
				IPHONEOS_DEPLOYMENT_TARGET = 14.4;
				MTL_ENABLE_DEBUG_INFO = NO;
				MTL_FAST_MATH = YES;
				SDKROOT = iphoneos;
				VALIDATE_PRODUCT = YES;
			};
			name = Release;
		};
		01E22B89261AF13900E542BA /* Debug */ = {
			isa = XCBuildConfiguration;
			buildSettings = {
				ASSETCATALOG_COMPILER_APPICON_NAME = AppIcon;
				ASSETCATALOG_COMPILER_GLOBAL_ACCENT_COLOR_NAME = AccentColor;
				CODE_SIGN_STYLE = Automatic;
				INFOPLIST_FILE = SimpleApp/Info.plist;
				LD_RUNPATH_SEARCH_PATHS = (
					"$(inherited)",
					"@executable_path/Frameworks",
				);
				PRODUCT_BUNDLE_IDENTIFIER = bytedance.SimpleApp;
				PRODUCT_NAME = "$(TARGET_NAME)";
				TARGETED_DEVICE_FAMILY = "1,2";
			};
			name = Debug;
		};
		01E22B8A261AF13900E542BA /* Release */ = {
			isa = XCBuildConfiguration;
			buildSettings = {
				ASSETCATALOG_COMPILER_APPICON_NAME = AppIcon;
				ASSETCATALOG_COMPILER_GLOBAL_ACCENT_COLOR_NAME = AccentColor;
				CODE_SIGN_STYLE = Automatic;
				INFOPLIST_FILE = SimpleApp/Info.plist;
				LD_RUNPATH_SEARCH_PATHS = (
					"$(inherited)",
					"@executable_path/Frameworks",
				);
				PRODUCT_BUNDLE_IDENTIFIER = bytedance.SimpleApp;
				PRODUCT_NAME = "$(TARGET_NAME)";
				TARGETED_DEVICE_FAMILY = "1,2";
			};
			name = Release;
		};
/* End XCBuildConfiguration section */

/* Begin XCConfigurationList section */
		01E22B6A261AF13900E542BA /* Build configuration list for PBXProject "SimpleApp" */ = {
			isa = XCConfigurationList;
			buildConfigurations = (
				01E22B86261AF13900E542BA /* Debug */,
				01E22B87261AF13900E542BA /* Release */,
			);
			defaultConfigurationIsVisible = 0;
			defaultConfigurationName = Release;
		};
		01E22B88261AF13900E542BA /* Build configuration list for PBXNativeTarget "SimpleApp" */ = {
			isa = XCConfigurationList;
			buildConfigurations = (
				01E22B89261AF13900E542BA /* Debug */,
				01E22B8A261AF13900E542BA /* Release */,
			);
			defaultConfigurationIsVisible = 0;
			defaultConfigurationName = Release;
		};
/* End XCConfigurationList section */
	};
	rootObject = 01E22B67261AF13900E542BA /* Project object */;
}
